
Microsoft Visual Studio Solution File, Format Version 12.00
# Visual Studio 2013
VisualStudioVersion = 12.0.21005.1
MinimumVisualStudioVersion = 10.0.40219.1
Project("{FAE04EC0-301F-11D3-BF4B-00C04F79EFBC}") = "TipCalculator.WindowsStore", "TipCalculator.WindowsStore\TipCalculator.WindowsStore.csproj", "{65684274-6524-4D6B-AB56-0200A2EF35AE}"
EndProject
Project("{FAE04EC0-301F-11D3-BF4B-00C04F79EFBC}") = "TipCalculator.PCL", "TipCalculator.PCL\TipCalculator.PCL.csproj", "{154551CD-281A-4568-B0C0-55F0AFD1DF0C}"
EndProject
Project("{FAE04EC0-301F-11D3-BF4B-00C04F79EFBC}") = "TipCalculator.WindowsPhone", "TipCalculator.WindowsPhone\TipCalculator.WindowsPhone.csproj", "{6A7BB94E-7FE4-423A-A3C9-6491CE7581A8}"
EndProject
Project("{FAE04EC0-301F-11D3-BF4B-00C04F79EFBC}") = "TipCalculator.iPhone", "TipCalculator.iPhone\TipCalculator.iPhone.csproj", "{720FA7EC-AFDB-4BE4-B873-6B5315B12911}"
EndProject
Global
	GlobalSection(SolutionConfigurationPlatforms) = preSolution
		Ad-Hoc|Any CPU = Ad-Hoc|Any CPU
		Ad-Hoc|ARM = Ad-Hoc|ARM
		Ad-Hoc|iPhone = Ad-Hoc|iPhone
		Ad-Hoc|iPhoneSimulator = Ad-Hoc|iPhoneSimulator
		Ad-Hoc|Mixed Platforms = Ad-Hoc|Mixed Platforms
		Ad-Hoc|x64 = Ad-Hoc|x64
		Ad-Hoc|x86 = Ad-Hoc|x86
		AppStore|Any CPU = AppStore|Any CPU
		AppStore|ARM = AppStore|ARM
		AppStore|iPhone = AppStore|iPhone
		AppStore|iPhoneSimulator = AppStore|iPhoneSimulator
		AppStore|Mixed Platforms = AppStore|Mixed Platforms
		AppStore|x64 = AppStore|x64
		AppStore|x86 = AppStore|x86
		Debug|Any CPU = Debug|Any CPU
		Debug|ARM = Debug|ARM
		Debug|iPhone = Debug|iPhone
		Debug|iPhoneSimulator = Debug|iPhoneSimulator
		Debug|Mixed Platforms = Debug|Mixed Platforms
		Debug|x64 = Debug|x64
		Debug|x86 = Debug|x86
		Release|Any CPU = Release|Any CPU
		Release|ARM = Release|ARM
		Release|iPhone = Release|iPhone
		Release|iPhoneSimulator = Release|iPhoneSimulator
		Release|Mixed Platforms = Release|Mixed Platforms
		Release|x64 = Release|x64
		Release|x86 = Release|x86
	EndGlobalSection
	GlobalSection(ProjectConfigurationPlatforms) = postSolution
		{65684274-6524-4D6B-AB56-0200A2EF35AE}.Ad-Hoc|Any CPU.ActiveCfg = Release|Any CPU
		{65684274-6524-4D6B-AB56-0200A2EF35AE}.Ad-Hoc|Any CPU.Build.0 = Release|Any CPU
		{65684274-6524-4D6B-AB56-0200A2EF35AE}.Ad-Hoc|Any CPU.Deploy.0 = Release|Any CPU
		{65684274-6524-4D6B-AB56-0200A2EF35AE}.Ad-Hoc|ARM.ActiveCfg = Release|ARM
		{65684274-6524-4D6B-AB56-0200A2EF35AE}.Ad-Hoc|ARM.Build.0 = Release|ARM
		{65684274-6524-4D6B-AB56-0200A2EF35AE}.Ad-Hoc|ARM.Deploy.0 = Release|ARM
		{65684274-6524-4D6B-AB56-0200A2EF35AE}.Ad-Hoc|iPhone.ActiveCfg = Release|Any CPU
		{65684274-6524-4D6B-AB56-0200A2EF35AE}.Ad-Hoc|iPhoneSimulator.ActiveCfg = Release|Any CPU
		{65684274-6524-4D6B-AB56-0200A2EF35AE}.Ad-Hoc|Mixed Platforms.ActiveCfg = Release|x86
		{65684274-6524-4D6B-AB56-0200A2EF35AE}.Ad-Hoc|Mixed Platforms.Build.0 = Release|x86
		{65684274-6524-4D6B-AB56-0200A2EF35AE}.Ad-Hoc|Mixed Platforms.Deploy.0 = Release|x86
		{65684274-6524-4D6B-AB56-0200A2EF35AE}.Ad-Hoc|x64.ActiveCfg = Release|x64
		{65684274-6524-4D6B-AB56-0200A2EF35AE}.Ad-Hoc|x64.Build.0 = Release|x64
		{65684274-6524-4D6B-AB56-0200A2EF35AE}.Ad-Hoc|x64.Deploy.0 = Release|x64
		{65684274-6524-4D6B-AB56-0200A2EF35AE}.Ad-Hoc|x86.ActiveCfg = Release|x86
		{65684274-6524-4D6B-AB56-0200A2EF35AE}.Ad-Hoc|x86.Build.0 = Release|x86
		{65684274-6524-4D6B-AB56-0200A2EF35AE}.Ad-Hoc|x86.Deploy.0 = Release|x86
		{65684274-6524-4D6B-AB56-0200A2EF35AE}.AppStore|Any CPU.ActiveCfg = Release|Any CPU
		{65684274-6524-4D6B-AB56-0200A2EF35AE}.AppStore|Any CPU.Build.0 = Release|Any CPU
		{65684274-6524-4D6B-AB56-0200A2EF35AE}.AppStore|Any CPU.Deploy.0 = Release|Any CPU
		{65684274-6524-4D6B-AB56-0200A2EF35AE}.AppStore|ARM.ActiveCfg = Release|ARM
		{65684274-6524-4D6B-AB56-0200A2EF35AE}.AppStore|ARM.Build.0 = Release|ARM
		{65684274-6524-4D6B-AB56-0200A2EF35AE}.AppStore|ARM.Deploy.0 = Release|ARM
		{65684274-6524-4D6B-AB56-0200A2EF35AE}.AppStore|iPhone.ActiveCfg = Release|Any CPU
		{65684274-6524-4D6B-AB56-0200A2EF35AE}.AppStore|iPhoneSimulator.ActiveCfg = Release|Any CPU
		{65684274-6524-4D6B-AB56-0200A2EF35AE}.AppStore|Mixed Platforms.ActiveCfg = Release|x86
		{65684274-6524-4D6B-AB56-0200A2EF35AE}.AppStore|Mixed Platforms.Build.0 = Release|x86
		{65684274-6524-4D6B-AB56-0200A2EF35AE}.AppStore|Mixed Platforms.Deploy.0 = Release|x86
		{65684274-6524-4D6B-AB56-0200A2EF35AE}.AppStore|x64.ActiveCfg = Release|x64
		{65684274-6524-4D6B-AB56-0200A2EF35AE}.AppStore|x64.Build.0 = Release|x64
		{65684274-6524-4D6B-AB56-0200A2EF35AE}.AppStore|x64.Deploy.0 = Release|x64
		{65684274-6524-4D6B-AB56-0200A2EF35AE}.AppStore|x86.ActiveCfg = Release|x86
		{65684274-6524-4D6B-AB56-0200A2EF35AE}.AppStore|x86.Build.0 = Release|x86
		{65684274-6524-4D6B-AB56-0200A2EF35AE}.AppStore|x86.Deploy.0 = Release|x86
		{65684274-6524-4D6B-AB56-0200A2EF35AE}.Debug|Any CPU.ActiveCfg = Debug|Any CPU
		{65684274-6524-4D6B-AB56-0200A2EF35AE}.Debug|Any CPU.Build.0 = Debug|Any CPU
		{65684274-6524-4D6B-AB56-0200A2EF35AE}.Debug|Any CPU.Deploy.0 = Debug|Any CPU
		{65684274-6524-4D6B-AB56-0200A2EF35AE}.Debug|ARM.ActiveCfg = Debug|ARM
		{65684274-6524-4D6B-AB56-0200A2EF35AE}.Debug|ARM.Build.0 = Debug|ARM
		{65684274-6524-4D6B-AB56-0200A2EF35AE}.Debug|ARM.Deploy.0 = Debug|ARM
		{65684274-6524-4D6B-AB56-0200A2EF35AE}.Debug|iPhone.ActiveCfg = Debug|Any CPU
		{65684274-6524-4D6B-AB56-0200A2EF35AE}.Debug|iPhoneSimulator.ActiveCfg = Debug|Any CPU
		{65684274-6524-4D6B-AB56-0200A2EF35AE}.Debug|Mixed Platforms.ActiveCfg = Debug|x86
		{65684274-6524-4D6B-AB56-0200A2EF35AE}.Debug|Mixed Platforms.Build.0 = Debug|x86
		{65684274-6524-4D6B-AB56-0200A2EF35AE}.Debug|Mixed Platforms.Deploy.0 = Debug|x86
		{65684274-6524-4D6B-AB56-0200A2EF35AE}.Debug|x64.ActiveCfg = Debug|x64
		{65684274-6524-4D6B-AB56-0200A2EF35AE}.Debug|x64.Build.0 = Debug|x64
		{65684274-6524-4D6B-AB56-0200A2EF35AE}.Debug|x64.Deploy.0 = Debug|x64
		{65684274-6524-4D6B-AB56-0200A2EF35AE}.Debug|x86.ActiveCfg = Debug|x86
		{65684274-6524-4D6B-AB56-0200A2EF35AE}.Debug|x86.Build.0 = Debug|x86
		{65684274-6524-4D6B-AB56-0200A2EF35AE}.Debug|x86.Deploy.0 = Debug|x86
		{65684274-6524-4D6B-AB56-0200A2EF35AE}.Release|Any CPU.ActiveCfg = Release|Any CPU
		{65684274-6524-4D6B-AB56-0200A2EF35AE}.Release|Any CPU.Build.0 = Release|Any CPU
		{65684274-6524-4D6B-AB56-0200A2EF35AE}.Release|Any CPU.Deploy.0 = Release|Any CPU
		{65684274-6524-4D6B-AB56-0200A2EF35AE}.Release|ARM.ActiveCfg = Release|ARM
		{65684274-6524-4D6B-AB56-0200A2EF35AE}.Release|ARM.Build.0 = Release|ARM
		{65684274-6524-4D6B-AB56-0200A2EF35AE}.Release|ARM.Deploy.0 = Release|ARM
		{65684274-6524-4D6B-AB56-0200A2EF35AE}.Release|iPhone.ActiveCfg = Release|Any CPU
		{65684274-6524-4D6B-AB56-0200A2EF35AE}.Release|iPhoneSimulator.ActiveCfg = Release|Any CPU
		{65684274-6524-4D6B-AB56-0200A2EF35AE}.Release|Mixed Platforms.ActiveCfg = Release|x86
		{65684274-6524-4D6B-AB56-0200A2EF35AE}.Release|Mixed Platforms.Build.0 = Release|x86
		{65684274-6524-4D6B-AB56-0200A2EF35AE}.Release|Mixed Platforms.Deploy.0 = Release|x86
		{65684274-6524-4D6B-AB56-0200A2EF35AE}.Release|x64.ActiveCfg = Release|x64
		{65684274-6524-4D6B-AB56-0200A2EF35AE}.Release|x64.Build.0 = Release|x64
		{65684274-6524-4D6B-AB56-0200A2EF35AE}.Release|x64.Deploy.0 = Release|x64
		{65684274-6524-4D6B-AB56-0200A2EF35AE}.Release|x86.ActiveCfg = Release|x86
		{65684274-6524-4D6B-AB56-0200A2EF35AE}.Release|x86.Build.0 = Release|x86
		{65684274-6524-4D6B-AB56-0200A2EF35AE}.Release|x86.Deploy.0 = Release|x86
		{154551CD-281A-4568-B0C0-55F0AFD1DF0C}.Ad-Hoc|Any CPU.ActiveCfg = Release|Any CPU
		{154551CD-281A-4568-B0C0-55F0AFD1DF0C}.Ad-Hoc|Any CPU.Build.0 = Release|Any CPU
		{154551CD-281A-4568-B0C0-55F0AFD1DF0C}.Ad-Hoc|ARM.ActiveCfg = Release|Any CPU
		{154551CD-281A-4568-B0C0-55F0AFD1DF0C}.Ad-Hoc|iPhone.ActiveCfg = Release|Any CPU
		{154551CD-281A-4568-B0C0-55F0AFD1DF0C}.Ad-Hoc|iPhoneSimulator.ActiveCfg = Release|Any CPU
		{154551CD-281A-4568-B0C0-55F0AFD1DF0C}.Ad-Hoc|Mixed Platforms.ActiveCfg = Release|Any CPU
		{154551CD-281A-4568-B0C0-55F0AFD1DF0C}.Ad-Hoc|Mixed Platforms.Build.0 = Release|Any CPU
		{154551CD-281A-4568-B0C0-55F0AFD1DF0C}.Ad-Hoc|x64.ActiveCfg = Release|Any CPU
		{154551CD-281A-4568-B0C0-55F0AFD1DF0C}.Ad-Hoc|x86.ActiveCfg = Release|Any CPU
		{154551CD-281A-4568-B0C0-55F0AFD1DF0C}.AppStore|Any CPU.ActiveCfg = Release|Any CPU
		{154551CD-281A-4568-B0C0-55F0AFD1DF0C}.AppStore|Any CPU.Build.0 = Release|Any CPU
		{154551CD-281A-4568-B0C0-55F0AFD1DF0C}.AppStore|ARM.ActiveCfg = Release|Any CPU
		{154551CD-281A-4568-B0C0-55F0AFD1DF0C}.AppStore|iPhone.ActiveCfg = Release|Any CPU
		{154551CD-281A-4568-B0C0-55F0AFD1DF0C}.AppStore|iPhoneSimulator.ActiveCfg = Release|Any CPU
		{154551CD-281A-4568-B0C0-55F0AFD1DF0C}.AppStore|Mixed Platforms.ActiveCfg = Release|Any CPU
		{154551CD-281A-4568-B0C0-55F0AFD1DF0C}.AppStore|Mixed Platforms.Build.0 = Release|Any CPU
		{154551CD-281A-4568-B0C0-55F0AFD1DF0C}.AppStore|x64.ActiveCfg = Release|Any CPU
		{154551CD-281A-4568-B0C0-55F0AFD1DF0C}.AppStore|x86.ActiveCfg = Release|Any CPU
		{154551CD-281A-4568-B0C0-55F0AFD1DF0C}.Debug|Any CPU.ActiveCfg = Debug|Any CPU
		{154551CD-281A-4568-B0C0-55F0AFD1DF0C}.Debug|Any CPU.Build.0 = Debug|Any CPU
		{154551CD-281A-4568-B0C0-55F0AFD1DF0C}.Debug|ARM.ActiveCfg = Debug|Any CPU
		{154551CD-281A-4568-B0C0-55F0AFD1DF0C}.Debug|iPhone.ActiveCfg = Debug|Any CPU
		{154551CD-281A-4568-B0C0-55F0AFD1DF0C}.Debug|iPhoneSimulator.ActiveCfg = Debug|Any CPU
		{154551CD-281A-4568-B0C0-55F0AFD1DF0C}.Debug|Mixed Platforms.ActiveCfg = Debug|Any CPU
		{154551CD-281A-4568-B0C0-55F0AFD1DF0C}.Debug|Mixed Platforms.Build.0 = Debug|Any CPU
		{154551CD-281A-4568-B0C0-55F0AFD1DF0C}.Debug|x64.ActiveCfg = Debug|Any CPU
		{154551CD-281A-4568-B0C0-55F0AFD1DF0C}.Debug|x86.ActiveCfg = Debug|Any CPU
		{154551CD-281A-4568-B0C0-55F0AFD1DF0C}.Release|Any CPU.ActiveCfg = Release|Any CPU
		{154551CD-281A-4568-B0C0-55F0AFD1DF0C}.Release|Any CPU.Build.0 = Release|Any CPU
		{154551CD-281A-4568-B0C0-55F0AFD1DF0C}.Release|ARM.ActiveCfg = Release|Any CPU
		{154551CD-281A-4568-B0C0-55F0AFD1DF0C}.Release|iPhone.ActiveCfg = Release|Any CPU
		{154551CD-281A-4568-B0C0-55F0AFD1DF0C}.Release|iPhoneSimulator.ActiveCfg = Release|Any CPU
		{154551CD-281A-4568-B0C0-55F0AFD1DF0C}.Release|Mixed Platforms.ActiveCfg = Release|Any CPU
		{154551CD-281A-4568-B0C0-55F0AFD1DF0C}.Release|Mixed Platforms.Build.0 = Release|Any CPU
		{154551CD-281A-4568-B0C0-55F0AFD1DF0C}.Release|x64.ActiveCfg = Release|Any CPU
		{154551CD-281A-4568-B0C0-55F0AFD1DF0C}.Release|x86.ActiveCfg = Release|Any CPU
		{6A7BB94E-7FE4-423A-A3C9-6491CE7581A8}.Ad-Hoc|Any CPU.ActiveCfg = Release|Any CPU
		{6A7BB94E-7FE4-423A-A3C9-6491CE7581A8}.Ad-Hoc|Any CPU.Build.0 = Release|Any CPU
		{6A7BB94E-7FE4-423A-A3C9-6491CE7581A8}.Ad-Hoc|Any CPU.Deploy.0 = Release|Any CPU
		{6A7BB94E-7FE4-423A-A3C9-6491CE7581A8}.Ad-Hoc|ARM.ActiveCfg = Release|ARM
		{6A7BB94E-7FE4-423A-A3C9-6491CE7581A8}.Ad-Hoc|ARM.Build.0 = Release|ARM
		{6A7BB94E-7FE4-423A-A3C9-6491CE7581A8}.Ad-Hoc|ARM.Deploy.0 = Release|ARM
		{6A7BB94E-7FE4-423A-A3C9-6491CE7581A8}.Ad-Hoc|iPhone.ActiveCfg = Release|Any CPU
		{6A7BB94E-7FE4-423A-A3C9-6491CE7581A8}.Ad-Hoc|iPhoneSimulator.ActiveCfg = Release|Any CPU
		{6A7BB94E-7FE4-423A-A3C9-6491CE7581A8}.Ad-Hoc|Mixed Platforms.ActiveCfg = Release|x86
		{6A7BB94E-7FE4-423A-A3C9-6491CE7581A8}.Ad-Hoc|Mixed Platforms.Build.0 = Release|x86
		{6A7BB94E-7FE4-423A-A3C9-6491CE7581A8}.Ad-Hoc|Mixed Platforms.Deploy.0 = Release|x86
		{6A7BB94E-7FE4-423A-A3C9-6491CE7581A8}.Ad-Hoc|x64.ActiveCfg = Release|Any CPU
		{6A7BB94E-7FE4-423A-A3C9-6491CE7581A8}.Ad-Hoc|x86.ActiveCfg = Release|x86
		{6A7BB94E-7FE4-423A-A3C9-6491CE7581A8}.Ad-Hoc|x86.Build.0 = Release|x86
		{6A7BB94E-7FE4-423A-A3C9-6491CE7581A8}.Ad-Hoc|x86.Deploy.0 = Release|x86
		{6A7BB94E-7FE4-423A-A3C9-6491CE7581A8}.AppStore|Any CPU.ActiveCfg = Release|Any CPU
		{6A7BB94E-7FE4-423A-A3C9-6491CE7581A8}.AppStore|Any CPU.Build.0 = Release|Any CPU
		{6A7BB94E-7FE4-423A-A3C9-6491CE7581A8}.AppStore|Any CPU.Deploy.0 = Release|Any CPU
		{6A7BB94E-7FE4-423A-A3C9-6491CE7581A8}.AppStore|ARM.ActiveCfg = Release|ARM
		{6A7BB94E-7FE4-423A-A3C9-6491CE7581A8}.AppStore|ARM.Build.0 = Release|ARM
		{6A7BB94E-7FE4-423A-A3C9-6491CE7581A8}.AppStore|ARM.Deploy.0 = Release|ARM
		{6A7BB94E-7FE4-423A-A3C9-6491CE7581A8}.AppStore|iPhone.ActiveCfg = Release|Any CPU
		{6A7BB94E-7FE4-423A-A3C9-6491CE7581A8}.AppStore|iPhoneSimulator.ActiveCfg = Release|Any CPU
		{6A7BB94E-7FE4-423A-A3C9-6491CE7581A8}.AppStore|Mixed Platforms.ActiveCfg = Release|x86
		{6A7BB94E-7FE4-423A-A3C9-6491CE7581A8}.AppStore|Mixed Platforms.Build.0 = Release|x86
		{6A7BB94E-7FE4-423A-A3C9-6491CE7581A8}.AppStore|Mixed Platforms.Deploy.0 = Release|x86
		{6A7BB94E-7FE4-423A-A3C9-6491CE7581A8}.AppStore|x64.ActiveCfg = Release|Any CPU
		{6A7BB94E-7FE4-423A-A3C9-6491CE7581A8}.AppStore|x86.ActiveCfg = Release|x86
		{6A7BB94E-7FE4-423A-A3C9-6491CE7581A8}.AppStore|x86.Build.0 = Release|x86
		{6A7BB94E-7FE4-423A-A3C9-6491CE7581A8}.AppStore|x86.Deploy.0 = Release|x86
		{6A7BB94E-7FE4-423A-A3C9-6491CE7581A8}.Debug|Any CPU.ActiveCfg = Debug|Any CPU
		{6A7BB94E-7FE4-423A-A3C9-6491CE7581A8}.Debug|Any CPU.Build.0 = Debug|Any CPU
		{6A7BB94E-7FE4-423A-A3C9-6491CE7581A8}.Debug|Any CPU.Deploy.0 = Debug|Any CPU
		{6A7BB94E-7FE4-423A-A3C9-6491CE7581A8}.Debug|ARM.ActiveCfg = Debug|ARM
		{6A7BB94E-7FE4-423A-A3C9-6491CE7581A8}.Debug|ARM.Build.0 = Debug|ARM
		{6A7BB94E-7FE4-423A-A3C9-6491CE7581A8}.Debug|ARM.Deploy.0 = Debug|ARM
		{6A7BB94E-7FE4-423A-A3C9-6491CE7581A8}.Debug|iPhone.ActiveCfg = Debug|Any CPU
		{6A7BB94E-7FE4-423A-A3C9-6491CE7581A8}.Debug|iPhoneSimulator.ActiveCfg = Debug|Any CPU
		{6A7BB94E-7FE4-423A-A3C9-6491CE7581A8}.Debug|Mixed Platforms.ActiveCfg = Debug|x86
		{6A7BB94E-7FE4-423A-A3C9-6491CE7581A8}.Debug|Mixed Platforms.Build.0 = Debug|x86
		{6A7BB94E-7FE4-423A-A3C9-6491CE7581A8}.Debug|Mixed Platforms.Deploy.0 = Debug|x86
		{6A7BB94E-7FE4-423A-A3C9-6491CE7581A8}.Debug|x64.ActiveCfg = Debug|Any CPU
		{6A7BB94E-7FE4-423A-A3C9-6491CE7581A8}.Debug|x86.ActiveCfg = Debug|x86
		{6A7BB94E-7FE4-423A-A3C9-6491CE7581A8}.Debug|x86.Build.0 = Debug|x86
		{6A7BB94E-7FE4-423A-A3C9-6491CE7581A8}.Debug|x86.Deploy.0 = Debug|x86
		{6A7BB94E-7FE4-423A-A3C9-6491CE7581A8}.Release|Any CPU.ActiveCfg = Release|Any CPU
		{6A7BB94E-7FE4-423A-A3C9-6491CE7581A8}.Release|Any CPU.Build.0 = Release|Any CPU
		{6A7BB94E-7FE4-423A-A3C9-6491CE7581A8}.Release|Any CPU.Deploy.0 = Release|Any CPU
		{6A7BB94E-7FE4-423A-A3C9-6491CE7581A8}.Release|ARM.ActiveCfg = Release|ARM
		{6A7BB94E-7FE4-423A-A3C9-6491CE7581A8}.Release|ARM.Build.0 = Release|ARM
		{6A7BB94E-7FE4-423A-A3C9-6491CE7581A8}.Release|ARM.Deploy.0 = Release|ARM
		{6A7BB94E-7FE4-423A-A3C9-6491CE7581A8}.Release|iPhone.ActiveCfg = Release|Any CPU
		{6A7BB94E-7FE4-423A-A3C9-6491CE7581A8}.Release|iPhoneSimulator.ActiveCfg = Release|Any CPU
		{6A7BB94E-7FE4-423A-A3C9-6491CE7581A8}.Release|Mixed Platforms.ActiveCfg = Release|x86
		{6A7BB94E-7FE4-423A-A3C9-6491CE7581A8}.Release|Mixed Platforms.Build.0 = Release|x86
		{6A7BB94E-7FE4-423A-A3C9-6491CE7581A8}.Release|Mixed Platforms.Deploy.0 = Release|x86
		{6A7BB94E-7FE4-423A-A3C9-6491CE7581A8}.Release|x64.ActiveCfg = Release|Any CPU
		{6A7BB94E-7FE4-423A-A3C9-6491CE7581A8}.Release|x86.ActiveCfg = Release|x86
		{6A7BB94E-7FE4-423A-A3C9-6491CE7581A8}.Release|x86.Build.0 = Release|x86
		{6A7BB94E-7FE4-423A-A3C9-6491CE7581A8}.Release|x86.Deploy.0 = Release|x86
		{720FA7EC-AFDB-4BE4-B873-6B5315B12911}.Ad-Hoc|Any CPU.ActiveCfg = Ad-Hoc|iPhone
		{720FA7EC-AFDB-4BE4-B873-6B5315B12911}.Ad-Hoc|ARM.ActiveCfg = Ad-Hoc|iPhone
		{720FA7EC-AFDB-4BE4-B873-6B5315B12911}.Ad-Hoc|iPhone.ActiveCfg = Ad-Hoc|iPhone
		{720FA7EC-AFDB-4BE4-B873-6B5315B12911}.Ad-Hoc|iPhone.Build.0 = Ad-Hoc|iPhone
		{720FA7EC-AFDB-4BE4-B873-6B5315B12911}.Ad-Hoc|iPhoneSimulator.ActiveCfg = Ad-Hoc|iPhoneSimulator
		{720FA7EC-AFDB-4BE4-B873-6B5315B12911}.Ad-Hoc|iPhoneSimulator.Build.0 = Ad-Hoc|iPhoneSimulator
		{720FA7EC-AFDB-4BE4-B873-6B5315B12911}.Ad-Hoc|Mixed Platforms.ActiveCfg = Ad-Hoc|iPhone
		{720FA7EC-AFDB-4BE4-B873-6B5315B12911}.Ad-Hoc|Mixed Platforms.Build.0 = Ad-Hoc|iPhone
		{720FA7EC-AFDB-4BE4-B873-6B5315B12911}.Ad-Hoc|x64.ActiveCfg = Ad-Hoc|iPhone
		{720FA7EC-AFDB-4BE4-B873-6B5315B12911}.Ad-Hoc|x86.ActiveCfg = Ad-Hoc|iPhone
		{720FA7EC-AFDB-4BE4-B873-6B5315B12911}.AppStore|Any CPU.ActiveCfg = AppStore|iPhone
		{720FA7EC-AFDB-4BE4-B873-6B5315B12911}.AppStore|ARM.ActiveCfg = AppStore|iPhone
		{720FA7EC-AFDB-4BE4-B873-6B5315B12911}.AppStore|iPhone.ActiveCfg = AppStore|iPhone
		{720FA7EC-AFDB-4BE4-B873-6B5315B12911}.AppStore|iPhone.Build.0 = AppStore|iPhone
		{720FA7EC-AFDB-4BE4-B873-6B5315B12911}.AppStore|iPhoneSimulator.ActiveCfg = AppStore|iPhoneSimulator
		{720FA7EC-AFDB-4BE4-B873-6B5315B12911}.AppStore|iPhoneSimulator.Build.0 = AppStore|iPhoneSimulator
		{720FA7EC-AFDB-4BE4-B873-6B5315B12911}.AppStore|Mixed Platforms.ActiveCfg = AppStore|iPhone
		{720FA7EC-AFDB-4BE4-B873-6B5315B12911}.AppStore|Mixed Platforms.Build.0 = AppStore|iPhone
		{720FA7EC-AFDB-4BE4-B873-6B5315B12911}.AppStore|x64.ActiveCfg = AppStore|iPhone
		{720FA7EC-AFDB-4BE4-B873-6B5315B12911}.AppStore|x86.ActiveCfg = AppStore|iPhone
		{720FA7EC-AFDB-4BE4-B873-6B5315B12911}.Debug|Any CPU.ActiveCfg = Debug|iPhone
		{720FA7EC-AFDB-4BE4-B873-6B5315B12911}.Debug|ARM.ActiveCfg = Debug|iPhone
		{720FA7EC-AFDB-4BE4-B873-6B5315B12911}.Debug|iPhone.ActiveCfg = Debug|iPhone
		{720FA7EC-AFDB-4BE4-B873-6B5315B12911}.Debug|iPhone.Build.0 = Debug|iPhone
		{720FA7EC-AFDB-4BE4-B873-6B5315B12911}.Debug|iPhoneSimulator.ActiveCfg = Debug|iPhoneSimulator
		{720FA7EC-AFDB-4BE4-B873-6B5315B12911}.Debug|iPhoneSimulator.Build.0 = Debug|iPhoneSimulator
		{720FA7EC-AFDB-4BE4-B873-6B5315B12911}.Debug|Mixed Platforms.ActiveCfg = Debug|iPhone
		{720FA7EC-AFDB-4BE4-B873-6B5315B12911}.Debug|Mixed Platforms.Build.0 = Debug|iPhone
		{720FA7EC-AFDB-4BE4-B873-6B5315B12911}.Debug|x64.ActiveCfg = Debug|iPhone
		{720FA7EC-AFDB-4BE4-B873-6B5315B12911}.Debug|x86.ActiveCfg = Debug|iPhone
		{720FA7EC-AFDB-4BE4-B873-6B5315B12911}.Release|Any CPU.ActiveCfg = Release|iPhone
		{720FA7EC-AFDB-4BE4-B873-6B5315B12911}.Release|ARM.ActiveCfg = Release|iPhone
		{720FA7EC-AFDB-4BE4-B873-6B5315B12911}.Release|iPhone.ActiveCfg = Release|iPhone
		{720FA7EC-AFDB-4BE4-B873-6B5315B12911}.Release|iPhone.Build.0 = Release|iPhone
		{720FA7EC-AFDB-4BE4-B873-6B5315B12911}.Release|iPhoneSimulator.ActiveCfg = Release|iPhoneSimulator
		{720FA7EC-AFDB-4BE4-B873-6B5315B12911}.Release|iPhoneSimulator.Build.0 = Release|iPhoneSimulator
		{720FA7EC-AFDB-4BE4-B873-6B5315B12911}.Release|Mixed Platforms.ActiveCfg = Release|iPhone
		{720FA7EC-AFDB-4BE4-B873-6B5315B12911}.Release|Mixed Platforms.Build.0 = Release|iPhone
		{720FA7EC-AFDB-4BE4-B873-6B5315B12911}.Release|x64.ActiveCfg = Release|iPhone
		{720FA7EC-AFDB-4BE4-B873-6B5315B12911}.Release|x86.ActiveCfg = Release|iPhone
	EndGlobalSection
	GlobalSection(SolutionProperties) = preSolution
		HideSolutionNode = FALSE
	EndGlobalSection
EndGlobal
